
Microsoft Visual Studio Solution File, Format Version 12.00
# Visual Studio Version 17
VisualStudioVersion = 17.14.36518.9 d17.14
MinimumVisualStudioVersion = 10.0.40219.1
Project("{FAE04EC0-301F-11D3-BF4B-00C04F79EFBC}") = "exemplo_git1", "exemplo_git1\exemplo_git1.csproj", "{676AF53A-D6A3-422B-A8AC-D667E025B47F}"
EndProject
Global
	GlobalSection(SolutionConfigurationPlatforms) = preSolution
		Debug|Any CPU = Debug|Any CPU
		Release|Any CPU = Release|Any CPU
	EndGlobalSection
	GlobalSection(ProjectConfigurationPlatforms) = postSolution
		{676AF53A-D6A3-422B-A8AC-D667E025B47F}.Debug|Any CPU.ActiveCfg = Debug|Any CPU
		{676AF53A-D6A3-422B-A8AC-D667E025B47F}.Debug|Any CPU.Build.0 = Debug|Any CPU
		{676AF53A-D6A3-422B-A8AC-D667E025B47F}.Release|Any CPU.ActiveCfg = Release|Any CPU
		{676AF53A-D6A3-422B-A8AC-D667E025B47F}.Release|Any CPU.Build.0 = Release|Any CPU
	EndGlobalSection
	GlobalSection(SolutionProperties) = preSolution
		HideSolutionNode = FALSE
	EndGlobalSection
	GlobalSection(ExtensibilityGlobals) = postSolution
		SolutionGuid = {D2C940AF-8655-45D3-88CE-40C79C99B95C}
	EndGlobalSection
EndGlobal
